
Microsoft Visual Studio Solution File, Format Version 12.00
# Visual Studio 2013
VisualStudioVersion = 12.0.21005.1
MinimumVisualStudioVersion = 10.0.40219.1
Project("{8BC9CEB8-8B4A-11D0-8D11-00A0C91BC942}") = "ProcessControl", "ProcessControl\ProcessControl.vcxproj", "{B12702AD-ABFB-343A-A199-8E24837244A3}"
EndProject
Project("{8BC9CEB8-8B4A-11D0-8D11-00A0C91BC942}") = "chromeHookDll", "chromeHookDll\chromeHookDll.vcxproj", "{F44F75F1-80ED-4169-9189-BA7166C6F89A}"
EndProject
Project("{8BC9CEB8-8B4A-11D0-8D11-00A0C91BC942}") = "taskmgrHookDll", "taskmgrHookDll\taskmgrHookDll.vcxproj", "{8C99219D-6C94-454F-881A-88492A552A39}"
EndProject
Project("{8BC9CEB8-8B4A-11D0-8D11-00A0C91BC942}") = "taskmgrHooker", "taskmgrHooker\taskmgrHooker.vcxproj", "{0AD282F1-79F5-4C0A-BF69-20E4D58B1A6F}"
EndProject
Project("{930C7802-8A8C-48F9-8165-68863BCCD9DD}") = "WixSetup", "WixSetup\WixSetup.wixproj", "{4CF4E9C1-93B8-463D-BF0F-7EB1CE30E670}"
EndProject
Global
	GlobalSection(SolutionConfigurationPlatforms) = preSolution
		CD_ROM|Mixed Platforms = CD_ROM|Mixed Platforms
		CD_ROM|Win32 = CD_ROM|Win32
		CD_ROM|x64 = CD_ROM|x64
		CD_ROM|x86 = CD_ROM|x86
		Debug|Mixed Platforms = Debug|Mixed Platforms
		Debug|Win32 = Debug|Win32
		Debug|x64 = Debug|x64
		Debug|x86 = Debug|x86
		DVD-5|Mixed Platforms = DVD-5|Mixed Platforms
		DVD-5|Win32 = DVD-5|Win32
		DVD-5|x64 = DVD-5|x64
		DVD-5|x86 = DVD-5|x86
		Release|Mixed Platforms = Release|Mixed Platforms
		Release|Win32 = Release|Win32
		Release|x64 = Release|x64
		Release|x86 = Release|x86
		SingleImage|Mixed Platforms = SingleImage|Mixed Platforms
		SingleImage|Win32 = SingleImage|Win32
		SingleImage|x64 = SingleImage|x64
		SingleImage|x86 = SingleImage|x86
	EndGlobalSection
	GlobalSection(ProjectConfigurationPlatforms) = postSolution
		{B12702AD-ABFB-343A-A199-8E24837244A3}.CD_ROM|Mixed Platforms.ActiveCfg = Debug|Win32
		{B12702AD-ABFB-343A-A199-8E24837244A3}.CD_ROM|Mixed Platforms.Build.0 = Debug|Win32
		{B12702AD-ABFB-343A-A199-8E24837244A3}.CD_ROM|Win32.ActiveCfg = Release|Win32
		{B12702AD-ABFB-343A-A199-8E24837244A3}.CD_ROM|Win32.Build.0 = Release|Win32
		{B12702AD-ABFB-343A-A199-8E24837244A3}.CD_ROM|x64.ActiveCfg = Release|x64
		{B12702AD-ABFB-343A-A199-8E24837244A3}.CD_ROM|x64.Build.0 = Release|x64
		{B12702AD-ABFB-343A-A199-8E24837244A3}.CD_ROM|x86.ActiveCfg = Debug|Win32
		{B12702AD-ABFB-343A-A199-8E24837244A3}.CD_ROM|x86.Build.0 = Debug|Win32
		{B12702AD-ABFB-343A-A199-8E24837244A3}.Debug|Mixed Platforms.ActiveCfg = Debug|Win32
		{B12702AD-ABFB-343A-A199-8E24837244A3}.Debug|Mixed Platforms.Build.0 = Debug|Win32
		{B12702AD-ABFB-343A-A199-8E24837244A3}.Debug|Win32.ActiveCfg = Debug|Win32
		{B12702AD-ABFB-343A-A199-8E24837244A3}.Debug|x64.ActiveCfg = Debug|x64
		{B12702AD-ABFB-343A-A199-8E24837244A3}.Debug|x64.Build.0 = Debug|x64
		{B12702AD-ABFB-343A-A199-8E24837244A3}.Debug|x86.ActiveCfg = Debug|Win32
		{B12702AD-ABFB-343A-A199-8E24837244A3}.Debug|x86.Build.0 = Debug|Win32
		{B12702AD-ABFB-343A-A199-8E24837244A3}.DVD-5|Mixed Platforms.ActiveCfg = Debug|Win32
		{B12702AD-ABFB-343A-A199-8E24837244A3}.DVD-5|Mixed Platforms.Build.0 = Debug|Win32
		{B12702AD-ABFB-343A-A199-8E24837244A3}.DVD-5|Win32.ActiveCfg = Debug|Win32
		{B12702AD-ABFB-343A-A199-8E24837244A3}.DVD-5|Win32.Build.0 = Debug|Win32
		{B12702AD-ABFB-343A-A199-8E24837244A3}.DVD-5|x64.ActiveCfg = Debug|x64
		{B12702AD-ABFB-343A-A199-8E24837244A3}.DVD-5|x64.Build.0 = Debug|x64
		{B12702AD-ABFB-343A-A199-8E24837244A3}.DVD-5|x86.ActiveCfg = Debug|Win32
		{B12702AD-ABFB-343A-A199-8E24837244A3}.DVD-5|x86.Build.0 = Debug|Win32
		{B12702AD-ABFB-343A-A199-8E24837244A3}.Release|Mixed Platforms.ActiveCfg = Release|Win32
		{B12702AD-ABFB-343A-A199-8E24837244A3}.Release|Mixed Platforms.Build.0 = Release|Win32
		{B12702AD-ABFB-343A-A199-8E24837244A3}.Release|Win32.ActiveCfg = Release|Win32
		{B12702AD-ABFB-343A-A199-8E24837244A3}.Release|Win32.Build.0 = Release|Win32
		{B12702AD-ABFB-343A-A199-8E24837244A3}.Release|x64.ActiveCfg = Release|Win32
		{B12702AD-ABFB-343A-A199-8E24837244A3}.Release|x64.Build.0 = Release|Win32
		{B12702AD-ABFB-343A-A199-8E24837244A3}.Release|x86.ActiveCfg = Release|Win32
		{B12702AD-ABFB-343A-A199-8E24837244A3}.Release|x86.Build.0 = Release|Win32
		{B12702AD-ABFB-343A-A199-8E24837244A3}.SingleImage|Mixed Platforms.ActiveCfg = Debug|Win32
		{B12702AD-ABFB-343A-A199-8E24837244A3}.SingleImage|Mixed Platforms.Build.0 = Debug|Win32
		{B12702AD-ABFB-343A-A199-8E24837244A3}.SingleImage|Win32.ActiveCfg = Release|Win32
		{B12702AD-ABFB-343A-A199-8E24837244A3}.SingleImage|Win32.Build.0 = Release|Win32
		{B12702AD-ABFB-343A-A199-8E24837244A3}.SingleImage|x64.ActiveCfg = Release|x64
		{B12702AD-ABFB-343A-A199-8E24837244A3}.SingleImage|x64.Build.0 = Release|x64
		{B12702AD-ABFB-343A-A199-8E24837244A3}.SingleImage|x86.ActiveCfg = Debug|Win32
		{B12702AD-ABFB-343A-A199-8E24837244A3}.SingleImage|x86.Build.0 = Debug|Win32
		{F44F75F1-80ED-4169-9189-BA7166C6F89A}.CD_ROM|Mixed Platforms.ActiveCfg = Release|Win32
		{F44F75F1-80ED-4169-9189-BA7166C6F89A}.CD_ROM|Mixed Platforms.Build.0 = Release|Win32
		{F44F75F1-80ED-4169-9189-BA7166C6F89A}.CD_ROM|Win32.ActiveCfg = Debug|Win32
		{F44F75F1-80ED-4169-9189-BA7166C6F89A}.CD_ROM|Win32.Build.0 = Debug|Win32
		{F44F75F1-80ED-4169-9189-BA7166C6F89A}.CD_ROM|x64.ActiveCfg = Release|x64
		{F44F75F1-80ED-4169-9189-BA7166C6F89A}.CD_ROM|x64.Build.0 = Release|x64
		{F44F75F1-80ED-4169-9189-BA7166C6F89A}.CD_ROM|x86.ActiveCfg = Release|Win32
		{F44F75F1-80ED-4169-9189-BA7166C6F89A}.CD_ROM|x86.Build.0 = Release|Win32
		{F44F75F1-80ED-4169-9189-BA7166C6F89A}.Debug|Mixed Platforms.ActiveCfg = Debug|Win32
		{F44F75F1-80ED-4169-9189-BA7166C6F89A}.Debug|Mixed Platforms.Build.0 = Debug|Win32
		{F44F75F1-80ED-4169-9189-BA7166C6F89A}.Debug|Win32.ActiveCfg = Release|Win32
		{F44F75F1-80ED-4169-9189-BA7166C6F89A}.Debug|x64.ActiveCfg = Release|Win32
		{F44F75F1-80ED-4169-9189-BA7166C6F89A}.Debug|x64.Build.0 = Release|Win32
		{F44F75F1-80ED-4169-9189-BA7166C6F89A}.Debug|x86.ActiveCfg = Debug|Win32
		{F44F75F1-80ED-4169-9189-BA7166C6F89A}.Debug|x86.Build.0 = Debug|Win32
		{F44F75F1-80ED-4169-9189-BA7166C6F89A}.DVD-5|Mixed Platforms.ActiveCfg = Debug|Win32
		{F44F75F1-80ED-4169-9189-BA7166C6F89A}.DVD-5|Mixed Platforms.Build.0 = Debug|Win32
		{F44F75F1-80ED-4169-9189-BA7166C6F89A}.DVD-5|Win32.ActiveCfg = Debug|Win32
		{F44F75F1-80ED-4169-9189-BA7166C6F89A}.DVD-5|Win32.Build.0 = Debug|Win32
		{F44F75F1-80ED-4169-9189-BA7166C6F89A}.DVD-5|x64.ActiveCfg = Debug|x64
		{F44F75F1-80ED-4169-9189-BA7166C6F89A}.DVD-5|x64.Build.0 = Debug|x64
		{F44F75F1-80ED-4169-9189-BA7166C6F89A}.DVD-5|x86.ActiveCfg = Debug|Win32
		{F44F75F1-80ED-4169-9189-BA7166C6F89A}.DVD-5|x86.Build.0 = Debug|Win32
		{F44F75F1-80ED-4169-9189-BA7166C6F89A}.Release|Mixed Platforms.ActiveCfg = Release|Win32
		{F44F75F1-80ED-4169-9189-BA7166C6F89A}.Release|Mixed Platforms.Build.0 = Release|Win32
		{F44F75F1-80ED-4169-9189-BA7166C6F89A}.Release|Win32.ActiveCfg = Release|Win32
		{F44F75F1-80ED-4169-9189-BA7166C6F89A}.Release|Win32.Build.0 = Release|Win32
		{F44F75F1-80ED-4169-9189-BA7166C6F89A}.Release|x64.ActiveCfg = Release|Win32
		{F44F75F1-80ED-4169-9189-BA7166C6F89A}.Release|x86.ActiveCfg = Release|Win32
		{F44F75F1-80ED-4169-9189-BA7166C6F89A}.Release|x86.Build.0 = Release|Win32
		{F44F75F1-80ED-4169-9189-BA7166C6F89A}.SingleImage|Mixed Platforms.ActiveCfg = Release|Win32
		{F44F75F1-80ED-4169-9189-BA7166C6F89A}.SingleImage|Mixed Platforms.Build.0 = Release|Win32
		{F44F75F1-80ED-4169-9189-BA7166C6F89A}.SingleImage|Win32.ActiveCfg = Debug|Win32
		{F44F75F1-80ED-4169-9189-BA7166C6F89A}.SingleImage|Win32.Build.0 = Debug|Win32
		{F44F75F1-80ED-4169-9189-BA7166C6F89A}.SingleImage|x64.ActiveCfg = Release|x64
		{F44F75F1-80ED-4169-9189-BA7166C6F89A}.SingleImage|x64.Build.0 = Release|x64
		{F44F75F1-80ED-4169-9189-BA7166C6F89A}.SingleImage|x86.ActiveCfg = Release|Win32
		{F44F75F1-80ED-4169-9189-BA7166C6F89A}.SingleImage|x86.Build.0 = Release|Win32
		{8C99219D-6C94-454F-881A-88492A552A39}.CD_ROM|Mixed Platforms.ActiveCfg = Release|Win32
		{8C99219D-6C94-454F-881A-88492A552A39}.CD_ROM|Mixed Platforms.Build.0 = Release|Win32
		{8C99219D-6C94-454F-881A-88492A552A39}.CD_ROM|Win32.ActiveCfg = Debug|Win32
		{8C99219D-6C94-454F-881A-88492A552A39}.CD_ROM|Win32.Build.0 = Debug|Win32
		{8C99219D-6C94-454F-881A-88492A552A39}.CD_ROM|x64.ActiveCfg = Debug|x64
		{8C99219D-6C94-454F-881A-88492A552A39}.CD_ROM|x64.Build.0 = Debug|x64
		{8C99219D-6C94-454F-881A-88492A552A39}.CD_ROM|x86.ActiveCfg = Release|Win32
		{8C99219D-6C94-454F-881A-88492A552A39}.CD_ROM|x86.Build.0 = Release|Win32
		{8C99219D-6C94-454F-881A-88492A552A39}.Debug|Mixed Platforms.ActiveCfg = Debug|Win32
		{8C99219D-6C94-454F-881A-88492A552A39}.Debug|Mixed Platforms.Build.0 = Debug|Win32
		{8C99219D-6C94-454F-881A-88492A552A39}.Debug|Win32.ActiveCfg = Release|x64
		{8C99219D-6C94-454F-881A-88492A552A39}.Debug|x64.ActiveCfg = Release|Win32
		{8C99219D-6C94-454F-881A-88492A552A39}.Debug|x64.Build.0 = Release|Win32
		{8C99219D-6C94-454F-881A-88492A552A39}.Debug|x86.ActiveCfg = Debug|Win32
		{8C99219D-6C94-454F-881A-88492A552A39}.Debug|x86.Build.0 = Debug|Win32
		{8C99219D-6C94-454F-881A-88492A552A39}.DVD-5|Mixed Platforms.ActiveCfg = Debug|Win32
		{8C99219D-6C94-454F-881A-88492A552A39}.DVD-5|Mixed Platforms.Build.0 = Debug|Win32
		{8C99219D-6C94-454F-881A-88492A552A39}.DVD-5|Win32.ActiveCfg = Debug|Win32
		{8C99219D-6C94-454F-881A-88492A552A39}.DVD-5|Win32.Build.0 = Debug|Win32
		{8C99219D-6C94-454F-881A-88492A552A39}.DVD-5|x64.ActiveCfg = Debug|x64
		{8C99219D-6C94-454F-881A-88492A552A39}.DVD-5|x64.Build.0 = Debug|x64
		{8C99219D-6C94-454F-881A-88492A552A39}.DVD-5|x86.ActiveCfg = Debug|Win32
		{8C99219D-6C94-454F-881A-88492A552A39}.DVD-5|x86.Build.0 = Debug|Win32
		{8C99219D-6C94-454F-881A-88492A552A39}.Release|Mixed Platforms.ActiveCfg = Release|Win32
		{8C99219D-6C94-454F-881A-88492A552A39}.Release|Mixed Platforms.Build.0 = Release|Win32
		{8C99219D-6C94-454F-881A-88492A552A39}.Release|Win32.ActiveCfg = Release|x64
		{8C99219D-6C94-454F-881A-88492A552A39}.Release|Win32.Build.0 = Release|x64
		{8C99219D-6C94-454F-881A-88492A552A39}.Release|x64.ActiveCfg = Release|x64
		{8C99219D-6C94-454F-881A-88492A552A39}.Release|x86.ActiveCfg = Release|Win32
		{8C99219D-6C94-454F-881A-88492A552A39}.Release|x86.Build.0 = Release|Win32
		{8C99219D-6C94-454F-881A-88492A552A39}.SingleImage|Mixed Platforms.ActiveCfg = Release|Win32
		{8C99219D-6C94-454F-881A-88492A552A39}.SingleImage|Mixed Platforms.Build.0 = Release|Win32
		{8C99219D-6C94-454F-881A-88492A552A39}.SingleImage|Win32.ActiveCfg = Debug|Win32
		{8C99219D-6C94-454F-881A-88492A552A39}.SingleImage|Win32.Build.0 = Debug|Win32
		{8C99219D-6C94-454F-881A-88492A552A39}.SingleImage|x64.ActiveCfg = Debug|x64
		{8C99219D-6C94-454F-881A-88492A552A39}.SingleImage|x64.Build.0 = Debug|x64
		{8C99219D-6C94-454F-881A-88492A552A39}.SingleImage|x86.ActiveCfg = Release|Win32
		{8C99219D-6C94-454F-881A-88492A552A39}.SingleImage|x86.Build.0 = Release|Win32
		{0AD282F1-79F5-4C0A-BF69-20E4D58B1A6F}.CD_ROM|Mixed Platforms.ActiveCfg = Debug|Win32
		{0AD282F1-79F5-4C0A-BF69-20E4D58B1A6F}.CD_ROM|Mixed Platforms.Build.0 = Debug|Win32
		{0AD282F1-79F5-4C0A-BF69-20E4D58B1A6F}.CD_ROM|Win32.ActiveCfg = Release|Win32
		{0AD282F1-79F5-4C0A-BF69-20E4D58B1A6F}.CD_ROM|Win32.Build.0 = Release|Win32
		{0AD282F1-79F5-4C0A-BF69-20E4D58B1A6F}.CD_ROM|x64.ActiveCfg = Debug|x64
		{0AD282F1-79F5-4C0A-BF69-20E4D58B1A6F}.CD_ROM|x64.Build.0 = Debug|x64
		{0AD282F1-79F5-4C0A-BF69-20E4D58B1A6F}.CD_ROM|x86.ActiveCfg = Debug|Win32
		{0AD282F1-79F5-4C0A-BF69-20E4D58B1A6F}.CD_ROM|x86.Build.0 = Debug|Win32
		{0AD282F1-79F5-4C0A-BF69-20E4D58B1A6F}.Debug|Mixed Platforms.ActiveCfg = Debug|Win32
		{0AD282F1-79F5-4C0A-BF69-20E4D58B1A6F}.Debug|Mixed Platforms.Build.0 = Debug|Win32
		{0AD282F1-79F5-4C0A-BF69-20E4D58B1A6F}.Debug|Win32.ActiveCfg = Release|x64
		{0AD282F1-79F5-4C0A-BF69-20E4D58B1A6F}.Debug|x64.ActiveCfg = Release|x64
		{0AD282F1-79F5-4C0A-BF69-20E4D58B1A6F}.Debug|x86.ActiveCfg = Debug|Win32
		{0AD282F1-79F5-4C0A-BF69-20E4D58B1A6F}.Debug|x86.Build.0 = Debug|Win32
		{0AD282F1-79F5-4C0A-BF69-20E4D58B1A6F}.DVD-5|Mixed Platforms.ActiveCfg = Debug|Win32
		{0AD282F1-79F5-4C0A-BF69-20E4D58B1A6F}.DVD-5|Mixed Platforms.Build.0 = Debug|Win32
		{0AD282F1-79F5-4C0A-BF69-20E4D58B1A6F}.DVD-5|Win32.ActiveCfg = Debug|Win32
		{0AD282F1-79F5-4C0A-BF69-20E4D58B1A6F}.DVD-5|Win32.Build.0 = Debug|Win32
		{0AD282F1-79F5-4C0A-BF69-20E4D58B1A6F}.DVD-5|x64.ActiveCfg = Debug|x64
		{0AD282F1-79F5-4C0A-BF69-20E4D58B1A6F}.DVD-5|x64.Build.0 = Debug|x64
		{0AD282F1-79F5-4C0A-BF69-20E4D58B1A6F}.DVD-5|x86.ActiveCfg = Debug|Win32
		{0AD282F1-79F5-4C0A-BF69-20E4D58B1A6F}.DVD-5|x86.Build.0 = Debug|Win32
		{0AD282F1-79F5-4C0A-BF69-20E4D58B1A6F}.Release|Mixed Platforms.ActiveCfg = Release|Win32
		{0AD282F1-79F5-4C0A-BF69-20E4D58B1A6F}.Release|Mixed Platforms.Build.0 = Release|Win32
		{0AD282F1-79F5-4C0A-BF69-20E4D58B1A6F}.Release|Win32.ActiveCfg = Release|x64
		{0AD282F1-79F5-4C0A-BF69-20E4D58B1A6F}.Release|Win32.Build.0 = Release|x64
		{0AD282F1-79F5-4C0A-BF69-20E4D58B1A6F}.Release|x64.ActiveCfg = Release|x64
		{0AD282F1-79F5-4C0A-BF69-20E4D58B1A6F}.Release|x86.ActiveCfg = Release|Win32
		{0AD282F1-79F5-4C0A-BF69-20E4D58B1A6F}.Release|x86.Build.0 = Release|Win32
		{0AD282F1-79F5-4C0A-BF69-20E4D58B1A6F}.SingleImage|Mixed Platforms.ActiveCfg = Debug|Win32
		{0AD282F1-79F5-4C0A-BF69-20E4D58B1A6F}.SingleImage|Mixed Platforms.Build.0 = Debug|Win32
		{0AD282F1-79F5-4C0A-BF69-20E4D58B1A6F}.SingleImage|Win32.ActiveCfg = Release|Win32
		{0AD282F1-79F5-4C0A-BF69-20E4D58B1A6F}.SingleImage|Win32.Build.0 = Release|Win32
		{0AD282F1-79F5-4C0A-BF69-20E4D58B1A6F}.SingleImage|x64.ActiveCfg = Debug|x64
		{0AD282F1-79F5-4C0A-BF69-20E4D58B1A6F}.SingleImage|x64.Build.0 = Debug|x64
		{0AD282F1-79F5-4C0A-BF69-20E4D58B1A6F}.SingleImage|x86.ActiveCfg = Debug|Win32
		{0AD282F1-79F5-4C0A-BF69-20E4D58B1A6F}.SingleImage|x86.Build.0 = Debug|Win32
		{4CF4E9C1-93B8-463D-BF0F-7EB1CE30E670}.CD_ROM|Mixed Platforms.ActiveCfg = Release|x86
		{4CF4E9C1-93B8-463D-BF0F-7EB1CE30E670}.CD_ROM|Mixed Platforms.Build.0 = Release|x86
		{4CF4E9C1-93B8-463D-BF0F-7EB1CE30E670}.CD_ROM|Win32.ActiveCfg = Release|x86
		{4CF4E9C1-93B8-463D-BF0F-7EB1CE30E670}.CD_ROM|Win32.Build.0 = Release|x86
		{4CF4E9C1-93B8-463D-BF0F-7EB1CE30E670}.CD_ROM|x64.ActiveCfg = Release|x86
		{4CF4E9C1-93B8-463D-BF0F-7EB1CE30E670}.CD_ROM|x86.ActiveCfg = Release|x86
		{4CF4E9C1-93B8-463D-BF0F-7EB1CE30E670}.CD_ROM|x86.Build.0 = Release|x86
		{4CF4E9C1-93B8-463D-BF0F-7EB1CE30E670}.Debug|Mixed Platforms.ActiveCfg = Debug|x86
		{4CF4E9C1-93B8-463D-BF0F-7EB1CE30E670}.Debug|Mixed Platforms.Build.0 = Debug|x86
		{4CF4E9C1-93B8-463D-BF0F-7EB1CE30E670}.Debug|Win32.ActiveCfg = Release|x86
		{4CF4E9C1-93B8-463D-BF0F-7EB1CE30E670}.Debug|Win32.Build.0 = Release|x86
		{4CF4E9C1-93B8-463D-BF0F-7EB1CE30E670}.Debug|x64.ActiveCfg = Debug|x86
		{4CF4E9C1-93B8-463D-BF0F-7EB1CE30E670}.Debug|x86.ActiveCfg = Debug|x86
		{4CF4E9C1-93B8-463D-BF0F-7EB1CE30E670}.Debug|x86.Build.0 = Debug|x86
		{4CF4E9C1-93B8-463D-BF0F-7EB1CE30E670}.DVD-5|Mixed Platforms.ActiveCfg = Debug|x86
		{4CF4E9C1-93B8-463D-BF0F-7EB1CE30E670}.DVD-5|Mixed Platforms.Build.0 = Debug|x86
		{4CF4E9C1-93B8-463D-BF0F-7EB1CE30E670}.DVD-5|Win32.ActiveCfg = Debug|x86
		{4CF4E9C1-93B8-463D-BF0F-7EB1CE30E670}.DVD-5|Win32.Build.0 = Debug|x86
		{4CF4E9C1-93B8-463D-BF0F-7EB1CE30E670}.DVD-5|x64.ActiveCfg = Debug|x86
		{4CF4E9C1-93B8-463D-BF0F-7EB1CE30E670}.DVD-5|x86.ActiveCfg = Debug|x86
		{4CF4E9C1-93B8-463D-BF0F-7EB1CE30E670}.DVD-5|x86.Build.0 = Debug|x86
		{4CF4E9C1-93B8-463D-BF0F-7EB1CE30E670}.Release|Mixed Platforms.ActiveCfg = Release|x86
		{4CF4E9C1-93B8-463D-BF0F-7EB1CE30E670}.Release|Mixed Platforms.Build.0 = Release|x86
		{4CF4E9C1-93B8-463D-BF0F-7EB1CE30E670}.Release|Win32.ActiveCfg = Release|x86
		{4CF4E9C1-93B8-463D-BF0F-7EB1CE30E670}.Release|Win32.Build.0 = Release|x86
		{4CF4E9C1-93B8-463D-BF0F-7EB1CE30E670}.Release|x64.ActiveCfg = Release|x86
		{4CF4E9C1-93B8-463D-BF0F-7EB1CE30E670}.Release|x86.ActiveCfg = Release|x86
		{4CF4E9C1-93B8-463D-BF0F-7EB1CE30E670}.Release|x86.Build.0 = Release|x86
		{4CF4E9C1-93B8-463D-BF0F-7EB1CE30E670}.SingleImage|Mixed Platforms.ActiveCfg = Release|x86
		{4CF4E9C1-93B8-463D-BF0F-7EB1CE30E670}.SingleImage|Mixed Platforms.Build.0 = Release|x86
		{4CF4E9C1-93B8-463D-BF0F-7EB1CE30E670}.SingleImage|Win32.ActiveCfg = Release|x86
		{4CF4E9C1-93B8-463D-BF0F-7EB1CE30E670}.SingleImage|Win32.Build.0 = Release|x86
		{4CF4E9C1-93B8-463D-BF0F-7EB1CE30E670}.SingleImage|x64.ActiveCfg = Release|x86
		{4CF4E9C1-93B8-463D-BF0F-7EB1CE30E670}.SingleImage|x86.ActiveCfg = Release|x86
		{4CF4E9C1-93B8-463D-BF0F-7EB1CE30E670}.SingleImage|x86.Build.0 = Release|x86
	EndGlobalSection
	GlobalSection(SolutionProperties) = preSolution
		HideSolutionNode = FALSE
	EndGlobalSection
EndGlobal
